// !$*UTF8*$!
{
	archiveVersion = 1;
	classes = {
	};
	objectVersion = 46;
	objects = {

/* Begin PBXAggregateTarget section */
		"Convertible::ConvertiblePackageTests::ProductTarget" /* ConvertiblePackageTests */ = {
			isa = PBXAggregateTarget;
			buildConfigurationList = OBJ_111 /* Build configuration list for PBXAggregateTarget "ConvertiblePackageTests" */;
			buildPhases = (
			);
			dependencies = (
				OBJ_114 /* PBXTargetDependency */,
			);
			name = ConvertiblePackageTests;
			productName = ConvertiblePackageTests;
		};
/* End PBXAggregateTarget section */

/* Begin PBXBuildFile section */
		OBJ_100 /* Set+Convertible.swift in Sources */ = {isa = PBXBuildFile; fileRef = OBJ_50 /* Set+Convertible.swift */; };
		OBJ_101 /* String+Convertible.swift in Sources */ = {isa = PBXBuildFile; fileRef = OBJ_51 /* String+Convertible.swift */; };
		OBJ_102 /* String+Utilities.swift in Sources */ = {isa = PBXBuildFile; fileRef = OBJ_53 /* String+Utilities.swift */; };
		OBJ_109 /* Package.swift in Sources */ = {isa = PBXBuildFile; fileRef = OBJ_6 /* Package.swift */; };
		OBJ_120 /* ConvertibleTests.swift in Sources */ = {isa = PBXBuildFile; fileRef = OBJ_56 /* ConvertibleTests.swift */; };
		OBJ_121 /* XCTestManifests.swift in Sources */ = {isa = PBXBuildFile; fileRef = OBJ_57 /* XCTestManifests.swift */; };
		OBJ_123 /* Convertible.framework in Frameworks */ = {isa = PBXBuildFile; fileRef = "Convertible::Convertible::Product" /* Convertible.framework */; };
		OBJ_67 /* NSArray+Convertible.swift in Sources */ = {isa = PBXBuildFile; fileRef = OBJ_10 /* NSArray+Convertible.swift */; };
		OBJ_68 /* NSData+Convertible.swift in Sources */ = {isa = PBXBuildFile; fileRef = OBJ_11 /* NSData+Convertible.swift */; };
		OBJ_69 /* NSDate+Covertible.swift in Sources */ = {isa = PBXBuildFile; fileRef = OBJ_12 /* NSDate+Covertible.swift */; };
		OBJ_70 /* NSDictionary+Convertible.swift in Sources */ = {isa = PBXBuildFile; fileRef = OBJ_13 /* NSDictionary+Convertible.swift */; };
		OBJ_71 /* NSNull+Convertible.swift in Sources */ = {isa = PBXBuildFile; fileRef = OBJ_14 /* NSNull+Convertible.swift */; };
		OBJ_72 /* NSNumber+Convertible.swift in Sources */ = {isa = PBXBuildFile; fileRef = OBJ_15 /* NSNumber+Convertible.swift */; };
		OBJ_73 /* NSObject+Convertible.swift in Sources */ = {isa = PBXBuildFile; fileRef = OBJ_16 /* NSObject+Convertible.swift */; };
		OBJ_74 /* NSSet+Convertible.swift in Sources */ = {isa = PBXBuildFile; fileRef = OBJ_17 /* NSSet+Convertible.swift */; };
		OBJ_75 /* NSString+Convertible.swift in Sources */ = {isa = PBXBuildFile; fileRef = OBJ_18 /* NSString+Convertible.swift */; };
		OBJ_76 /* NSURL+Convertible.swift in Sources */ = {isa = PBXBuildFile; fileRef = OBJ_19 /* NSURL+Convertible.swift */; };
		OBJ_77 /* Convertible.swift in Sources */ = {isa = PBXBuildFile; fileRef = OBJ_21 /* Convertible.swift */; };
		OBJ_78 /* Initializable.swift in Sources */ = {isa = PBXBuildFile; fileRef = OBJ_22 /* Initializable.swift */; };
		OBJ_79 /* Keys.swift in Sources */ = {isa = PBXBuildFile; fileRef = OBJ_23 /* Keys.swift */; };
		OBJ_80 /* Serializable.swift in Sources */ = {isa = PBXBuildFile; fileRef = OBJ_24 /* Serializable.swift */; };
		OBJ_81 /* Updatable.swift in Sources */ = {isa = PBXBuildFile; fileRef = OBJ_25 /* Updatable.swift */; };
		OBJ_82 /* DataConvertible.swift in Sources */ = {isa = PBXBuildFile; fileRef = OBJ_27 /* DataConvertible.swift */; };
		OBJ_83 /* DataModelConvertible.swift in Sources */ = {isa = PBXBuildFile; fileRef = OBJ_28 /* DataModelConvertible.swift */; };
		OBJ_84 /* ConvertibleError.swift in Sources */ = {isa = PBXBuildFile; fileRef = OBJ_30 /* ConvertibleError.swift */; };
		OBJ_85 /* JsonArrayConvertible.swift in Sources */ = {isa = PBXBuildFile; fileRef = OBJ_32 /* JsonArrayConvertible.swift */; };
		OBJ_86 /* JsonConvertible.swift in Sources */ = {isa = PBXBuildFile; fileRef = OBJ_33 /* JsonConvertible.swift */; };
		OBJ_87 /* JsonUpdatable.swift in Sources */ = {isa = PBXBuildFile; fileRef = OBJ_34 /* JsonUpdatable.swift */; };
		OBJ_88 /* JsonValue.swift in Sources */ = {isa = PBXBuildFile; fileRef = OBJ_35 /* JsonValue.swift */; };
		OBJ_89 /* JsonDictionaryKeyConvertible.swift in Sources */ = {isa = PBXBuildFile; fileRef = OBJ_36 /* JsonDictionaryKeyConvertible.swift */; };
		OBJ_90 /* ConvertibleOption.swift in Sources */ = {isa = PBXBuildFile; fileRef = OBJ_38 /* ConvertibleOption.swift */; };
		OBJ_91 /* ConvertibleOptions.swift in Sources */ = {isa = PBXBuildFile; fileRef = OBJ_39 /* ConvertibleOptions.swift */; };
		OBJ_92 /* RawValue.swift in Sources */ = {isa = PBXBuildFile; fileRef = OBJ_41 /* RawValue.swift */; };
		OBJ_93 /* Array+Convertible.swift in Sources */ = {isa = PBXBuildFile; fileRef = OBJ_43 /* Array+Convertible.swift */; };
		OBJ_94 /* Bool+Convertible.swift in Sources */ = {isa = PBXBuildFile; fileRef = OBJ_44 /* Bool+Convertible.swift */; };
		OBJ_95 /* Dictionary+Convertible.swift in Sources */ = {isa = PBXBuildFile; fileRef = OBJ_45 /* Dictionary+Convertible.swift */; };
		OBJ_96 /* Double+Convertible.swift in Sources */ = {isa = PBXBuildFile; fileRef = OBJ_46 /* Double+Convertible.swift */; };
		OBJ_97 /* Float+Convertible.swift in Sources */ = {isa = PBXBuildFile; fileRef = OBJ_47 /* Float+Convertible.swift */; };
		OBJ_98 /* Int+Convertible.swift in Sources */ = {isa = PBXBuildFile; fileRef = OBJ_48 /* Int+Convertible.swift */; };
		OBJ_99 /* Optional+Convertible.swift in Sources */ = {isa = PBXBuildFile; fileRef = OBJ_49 /* Optional+Convertible.swift */; };
/* End PBXBuildFile section */

/* Begin PBXContainerItemProxy section */
		E668EAA32163625200CBFBEB /* PBXContainerItemProxy */ = {
			isa = PBXContainerItemProxy;
			containerPortal = OBJ_1 /* Project object */;
			proxyType = 1;
			remoteGlobalIDString = "Convertible::Convertible";
			remoteInfo = Convertible;
		};
		E668EAA42163625400CBFBEB /* PBXContainerItemProxy */ = {
			isa = PBXContainerItemProxy;
			containerPortal = OBJ_1 /* Project object */;
			proxyType = 1;
			remoteGlobalIDString = "Convertible::ConvertibleTests";
			remoteInfo = ConvertibleTests;
		};
/* End PBXContainerItemProxy section */

/* Begin PBXFileReference section */
		"Convertible::Convertible::Product" /* Convertible.framework */ = {isa = PBXFileReference; explicitFileType = wrapper.framework; path = Convertible.framework; sourceTree = BUILT_PRODUCTS_DIR; };
		"Convertible::ConvertibleTests::Product" /* ConvertibleTests.xctest */ = {isa = PBXFileReference; lastKnownFileType = file; path = ConvertibleTests.xctest; sourceTree = BUILT_PRODUCTS_DIR; };
		OBJ_10 /* NSArray+Convertible.swift */ = {isa = PBXFileReference; lastKnownFileType = sourcecode.swift; path = "NSArray+Convertible.swift"; sourceTree = "<group>"; };
		OBJ_11 /* NSData+Convertible.swift */ = {isa = PBXFileReference; lastKnownFileType = sourcecode.swift; path = "NSData+Convertible.swift"; sourceTree = "<group>"; };
		OBJ_12 /* NSDate+Covertible.swift */ = {isa = PBXFileReference; lastKnownFileType = sourcecode.swift; path = "NSDate+Covertible.swift"; sourceTree = "<group>"; };
		OBJ_13 /* NSDictionary+Convertible.swift */ = {isa = PBXFileReference; lastKnownFileType = sourcecode.swift; path = "NSDictionary+Convertible.swift"; sourceTree = "<group>"; };
		OBJ_14 /* NSNull+Convertible.swift */ = {isa = PBXFileReference; lastKnownFileType = sourcecode.swift; path = "NSNull+Convertible.swift"; sourceTree = "<group>"; };
		OBJ_15 /* NSNumber+Convertible.swift */ = {isa = PBXFileReference; lastKnownFileType = sourcecode.swift; path = "NSNumber+Convertible.swift"; sourceTree = "<group>"; };
		OBJ_16 /* NSObject+Convertible.swift */ = {isa = PBXFileReference; lastKnownFileType = sourcecode.swift; path = "NSObject+Convertible.swift"; sourceTree = "<group>"; };
		OBJ_17 /* NSSet+Convertible.swift */ = {isa = PBXFileReference; lastKnownFileType = sourcecode.swift; path = "NSSet+Convertible.swift"; sourceTree = "<group>"; };
		OBJ_18 /* NSString+Convertible.swift */ = {isa = PBXFileReference; lastKnownFileType = sourcecode.swift; path = "NSString+Convertible.swift"; sourceTree = "<group>"; };
		OBJ_19 /* NSURL+Convertible.swift */ = {isa = PBXFileReference; lastKnownFileType = sourcecode.swift; path = "NSURL+Convertible.swift"; sourceTree = "<group>"; };
		OBJ_21 /* Convertible.swift */ = {isa = PBXFileReference; lastKnownFileType = sourcecode.swift; path = Convertible.swift; sourceTree = "<group>"; };
		OBJ_22 /* Initializable.swift */ = {isa = PBXFileReference; lastKnownFileType = sourcecode.swift; path = Initializable.swift; sourceTree = "<group>"; };
		OBJ_23 /* Keys.swift */ = {isa = PBXFileReference; lastKnownFileType = sourcecode.swift; path = Keys.swift; sourceTree = "<group>"; };
		OBJ_24 /* Serializable.swift */ = {isa = PBXFileReference; lastKnownFileType = sourcecode.swift; path = Serializable.swift; sourceTree = "<group>"; };
		OBJ_25 /* Updatable.swift */ = {isa = PBXFileReference; lastKnownFileType = sourcecode.swift; path = Updatable.swift; sourceTree = "<group>"; };
		OBJ_27 /* DataConvertible.swift */ = {isa = PBXFileReference; lastKnownFileType = sourcecode.swift; path = DataConvertible.swift; sourceTree = "<group>"; };
		OBJ_28 /* DataModelConvertible.swift */ = {isa = PBXFileReference; lastKnownFileType = sourcecode.swift; path = DataModelConvertible.swift; sourceTree = "<group>"; };
		OBJ_30 /* ConvertibleError.swift */ = {isa = PBXFileReference; lastKnownFileType = sourcecode.swift; path = ConvertibleError.swift; sourceTree = "<group>"; };
		OBJ_32 /* JsonArrayConvertible.swift */ = {isa = PBXFileReference; lastKnownFileType = sourcecode.swift; path = JsonArrayConvertible.swift; sourceTree = "<group>"; };
		OBJ_33 /* JsonConvertible.swift */ = {isa = PBXFileReference; lastKnownFileType = sourcecode.swift; path = JsonConvertible.swift; sourceTree = "<group>"; };
		OBJ_34 /* JsonUpdatable.swift */ = {isa = PBXFileReference; lastKnownFileType = sourcecode.swift; path = JsonUpdatable.swift; sourceTree = "<group>"; };
		OBJ_35 /* JsonValue.swift */ = {isa = PBXFileReference; lastKnownFileType = sourcecode.swift; path = JsonValue.swift; sourceTree = "<group>"; };
		OBJ_36 /* JsonDictionaryKeyConvertible.swift */ = {isa = PBXFileReference; lastKnownFileType = sourcecode.swift; path = JsonDictionaryKeyConvertible.swift; sourceTree = "<group>"; };
		OBJ_38 /* ConvertibleOption.swift */ = {isa = PBXFileReference; lastKnownFileType = sourcecode.swift; path = ConvertibleOption.swift; sourceTree = "<group>"; };
		OBJ_39 /* ConvertibleOptions.swift */ = {isa = PBXFileReference; lastKnownFileType = sourcecode.swift; path = ConvertibleOptions.swift; sourceTree = "<group>"; };
		OBJ_41 /* RawValue.swift */ = {isa = PBXFileReference; lastKnownFileType = sourcecode.swift; path = RawValue.swift; sourceTree = "<group>"; };
		OBJ_43 /* Array+Convertible.swift */ = {isa = PBXFileReference; lastKnownFileType = sourcecode.swift; path = "Array+Convertible.swift"; sourceTree = "<group>"; };
		OBJ_44 /* Bool+Convertible.swift */ = {isa = PBXFileReference; lastKnownFileType = sourcecode.swift; path = "Bool+Convertible.swift"; sourceTree = "<group>"; };
		OBJ_45 /* Dictionary+Convertible.swift */ = {isa = PBXFileReference; lastKnownFileType = sourcecode.swift; path = "Dictionary+Convertible.swift"; sourceTree = "<group>"; };
		OBJ_46 /* Double+Convertible.swift */ = {isa = PBXFileReference; lastKnownFileType = sourcecode.swift; path = "Double+Convertible.swift"; sourceTree = "<group>"; };
		OBJ_47 /* Float+Convertible.swift */ = {isa = PBXFileReference; lastKnownFileType = sourcecode.swift; path = "Float+Convertible.swift"; sourceTree = "<group>"; };
		OBJ_48 /* Int+Convertible.swift */ = {isa = PBXFileReference; lastKnownFileType = sourcecode.swift; path = "Int+Convertible.swift"; sourceTree = "<group>"; };
		OBJ_49 /* Optional+Convertible.swift */ = {isa = PBXFileReference; lastKnownFileType = sourcecode.swift; path = "Optional+Convertible.swift"; sourceTree = "<group>"; };
		OBJ_50 /* Set+Convertible.swift */ = {isa = PBXFileReference; lastKnownFileType = sourcecode.swift; path = "Set+Convertible.swift"; sourceTree = "<group>"; };
		OBJ_51 /* String+Convertible.swift */ = {isa = PBXFileReference; lastKnownFileType = sourcecode.swift; path = "String+Convertible.swift"; sourceTree = "<group>"; };
		OBJ_53 /* String+Utilities.swift */ = {isa = PBXFileReference; lastKnownFileType = sourcecode.swift; path = "String+Utilities.swift"; sourceTree = "<group>"; };
		OBJ_56 /* ConvertibleTests.swift */ = {isa = PBXFileReference; lastKnownFileType = sourcecode.swift; path = ConvertibleTests.swift; sourceTree = "<group>"; };
		OBJ_57 /* XCTestManifests.swift */ = {isa = PBXFileReference; lastKnownFileType = sourcecode.swift; path = XCTestManifests.swift; sourceTree = "<group>"; };
		OBJ_58 /* ConvertibleTests */ = {isa = PBXFileReference; lastKnownFileType = folder; path = ConvertibleTests; sourceTree = SOURCE_ROOT; };
		OBJ_6 /* Package.swift */ = {isa = PBXFileReference; explicitFileType = sourcecode.swift; path = Package.swift; sourceTree = "<group>"; };
/* End PBXFileReference section */

/* Begin PBXFrameworksBuildPhase section */
		OBJ_103 /* Frameworks */ = {
			isa = PBXFrameworksBuildPhase;
			buildActionMask = 0;
			files = (
			);
			runOnlyForDeploymentPostprocessing = 0;
		};
		OBJ_122 /* Frameworks */ = {
			isa = PBXFrameworksBuildPhase;
			buildActionMask = 0;
			files = (
				OBJ_123 /* Convertible.framework in Frameworks */,
			);
			runOnlyForDeploymentPostprocessing = 0;
		};
/* End PBXFrameworksBuildPhase section */

/* Begin PBXGroup section */
		OBJ_20 /* Convertible */ = {
			isa = PBXGroup;
			children = (
				OBJ_21 /* Convertible.swift */,
				OBJ_22 /* Initializable.swift */,
				OBJ_23 /* Keys.swift */,
				OBJ_24 /* Serializable.swift */,
				OBJ_25 /* Updatable.swift */,
			);
			path = Convertible;
			sourceTree = "<group>";
		};
		OBJ_26 /* DataConvertible */ = {
			isa = PBXGroup;
			children = (
				OBJ_27 /* DataConvertible.swift */,
				OBJ_28 /* DataModelConvertible.swift */,
			);
			path = DataConvertible;
			sourceTree = "<group>";
		};
		OBJ_29 /* Errors */ = {
			isa = PBXGroup;
			children = (
				OBJ_30 /* ConvertibleError.swift */,
			);
			path = Errors;
			sourceTree = "<group>";
		};
		OBJ_31 /* JsonConvertible */ = {
			isa = PBXGroup;
			children = (
				OBJ_32 /* JsonArrayConvertible.swift */,
				OBJ_33 /* JsonConvertible.swift */,
				OBJ_34 /* JsonUpdatable.swift */,
				OBJ_35 /* JsonValue.swift */,
			);
			path = JsonConvertible;
			sourceTree = "<group>";
		};
		OBJ_37 /* Options */ = {
			isa = PBXGroup;
			children = (
				OBJ_38 /* ConvertibleOption.swift */,
				OBJ_39 /* ConvertibleOptions.swift */,
			);
			path = Options;
			sourceTree = "<group>";
		};
		OBJ_40 /* Raw Value */ = {
			isa = PBXGroup;
			children = (
				OBJ_41 /* RawValue.swift */,
			);
			path = "Raw Value";
			sourceTree = "<group>";
		};
		OBJ_42 /* Swift Extensions */ = {
			isa = PBXGroup;
			children = (
				OBJ_43 /* Array+Convertible.swift */,
				OBJ_44 /* Bool+Convertible.swift */,
				OBJ_45 /* Dictionary+Convertible.swift */,
				OBJ_46 /* Double+Convertible.swift */,
				OBJ_47 /* Float+Convertible.swift */,
				OBJ_48 /* Int+Convertible.swift */,
				OBJ_49 /* Optional+Convertible.swift */,
				OBJ_50 /* Set+Convertible.swift */,
				OBJ_51 /* String+Convertible.swift */,
			);
			path = "Swift Extensions";
			sourceTree = "<group>";
		};
		OBJ_5 /*  */ = {
			isa = PBXGroup;
			children = (
				OBJ_6 /* Package.swift */,
				OBJ_7 /* Sources */,
				OBJ_54 /* Tests */,
				OBJ_58 /* ConvertibleTests */,
				OBJ_59 /* Products */,
			);
			name = "";
			sourceTree = "<group>";
		};
		OBJ_52 /* Utilities */ = {
			isa = PBXGroup;
			children = (
				OBJ_53 /* String+Utilities.swift */,
			);
			path = Utilities;
			sourceTree = "<group>";
		};
		OBJ_54 /* Tests */ = {
			isa = PBXGroup;
			children = (
				OBJ_55 /* ConvertibleTests */,
			);
			name = Tests;
			sourceTree = SOURCE_ROOT;
		};
		OBJ_55 /* ConvertibleTests */ = {
			isa = PBXGroup;
			children = (
				OBJ_56 /* ConvertibleTests.swift */,
				OBJ_57 /* XCTestManifests.swift */,
			);
			name = ConvertibleTests;
			path = Tests/ConvertibleTests;
			sourceTree = SOURCE_ROOT;
		};
		OBJ_59 /* Products */ = {
			isa = PBXGroup;
			children = (
				"Convertible::ConvertibleTests::Product" /* ConvertibleTests.xctest */,
				"Convertible::Convertible::Product" /* Convertible.framework */,
			);
			name = Products;
			sourceTree = BUILT_PRODUCTS_DIR;
		};
		OBJ_7 /* Sources */ = {
			isa = PBXGroup;
			children = (
				OBJ_8 /* Convertible */,
			);
			name = Sources;
			sourceTree = SOURCE_ROOT;
		};
		OBJ_8 /* Convertible */ = {
			isa = PBXGroup;
			children = (
				OBJ_9 /* Cocoa Extensions */,
				OBJ_20 /* Convertible */,
				OBJ_26 /* DataConvertible */,
				OBJ_29 /* Errors */,
				OBJ_31 /* JsonConvertible */,
				OBJ_36 /* JsonDictionaryKeyConvertible.swift */,
				OBJ_37 /* Options */,
				OBJ_40 /* Raw Value */,
				OBJ_42 /* Swift Extensions */,
				OBJ_52 /* Utilities */,
			);
			name = Convertible;
			path = Sources/Convertible;
			sourceTree = SOURCE_ROOT;
		};
		OBJ_9 /* Cocoa Extensions */ = {
			isa = PBXGroup;
			children = (
				OBJ_10 /* NSArray+Convertible.swift */,
				OBJ_11 /* NSData+Convertible.swift */,
				OBJ_12 /* NSDate+Covertible.swift */,
				OBJ_13 /* NSDictionary+Convertible.swift */,
				OBJ_14 /* NSNull+Convertible.swift */,
				OBJ_15 /* NSNumber+Convertible.swift */,
				OBJ_16 /* NSObject+Convertible.swift */,
				OBJ_17 /* NSSet+Convertible.swift */,
				OBJ_18 /* NSString+Convertible.swift */,
				OBJ_19 /* NSURL+Convertible.swift */,
			);
			path = "Cocoa Extensions";
			sourceTree = "<group>";
		};
/* End PBXGroup section */

/* Begin PBXNativeTarget section */
		"Convertible::Convertible" /* Convertible */ = {
			isa = PBXNativeTarget;
			buildConfigurationList = OBJ_63 /* Build configuration list for PBXNativeTarget "Convertible" */;
			buildPhases = (
				OBJ_66 /* Sources */,
				OBJ_103 /* Frameworks */,
			);
			buildRules = (
			);
			dependencies = (
			);
			name = Convertible;
			productName = Convertible;
			productReference = "Convertible::Convertible::Product" /* Convertible.framework */;
			productType = "com.apple.product-type.framework";
		};
		"Convertible::ConvertibleTests" /* ConvertibleTests */ = {
			isa = PBXNativeTarget;
			buildConfigurationList = OBJ_116 /* Build configuration list for PBXNativeTarget "ConvertibleTests" */;
			buildPhases = (
				OBJ_119 /* Sources */,
				OBJ_122 /* Frameworks */,
			);
			buildRules = (
			);
			dependencies = (
				OBJ_124 /* PBXTargetDependency */,
			);
			name = ConvertibleTests;
			productName = ConvertibleTests;
			productReference = "Convertible::ConvertibleTests::Product" /* ConvertibleTests.xctest */;
			productType = "com.apple.product-type.bundle.unit-test";
		};
		"Convertible::SwiftPMPackageDescription" /* ConvertiblePackageDescription */ = {
			isa = PBXNativeTarget;
			buildConfigurationList = OBJ_105 /* Build configuration list for PBXNativeTarget "ConvertiblePackageDescription" */;
			buildPhases = (
				OBJ_108 /* Sources */,
			);
			buildRules = (
			);
			dependencies = (
			);
			name = ConvertiblePackageDescription;
			productName = ConvertiblePackageDescription;
			productType = "com.apple.product-type.framework";
		};
/* End PBXNativeTarget section */

/* Begin PBXProject section */
		OBJ_1 /* Project object */ = {
			isa = PBXProject;
			attributes = {
				LastUpgradeCheck = 9999;
			};
			buildConfigurationList = OBJ_2 /* Build configuration list for PBXProject "Convertible" */;
			compatibilityVersion = "Xcode 3.2";
			developmentRegion = English;
			hasScannedForEncodings = 0;
			knownRegions = (
				en,
			);
			mainGroup = OBJ_5 /*  */;
			productRefGroup = OBJ_59 /* Products */;
			projectDirPath = "";
			projectRoot = "";
			targets = (
				"Convertible::Convertible" /* Convertible */,
				"Convertible::SwiftPMPackageDescription" /* ConvertiblePackageDescription */,
				"Convertible::ConvertiblePackageTests::ProductTarget" /* ConvertiblePackageTests */,
				"Convertible::ConvertibleTests" /* ConvertibleTests */,
			);
		};
/* End PBXProject section */

/* Begin PBXSourcesBuildPhase section */
		OBJ_108 /* Sources */ = {
			isa = PBXSourcesBuildPhase;
			buildActionMask = 0;
			files = (
				OBJ_109 /* Package.swift in Sources */,
			);
			runOnlyForDeploymentPostprocessing = 0;
		};
		OBJ_119 /* Sources */ = {
			isa = PBXSourcesBuildPhase;
			buildActionMask = 0;
			files = (
				OBJ_120 /* ConvertibleTests.swift in Sources */,
				OBJ_121 /* XCTestManifests.swift in Sources */,
			);
			runOnlyForDeploymentPostprocessing = 0;
		};
		OBJ_66 /* Sources */ = {
			isa = PBXSourcesBuildPhase;
			buildActionMask = 0;
			files = (
				OBJ_67 /* NSArray+Convertible.swift in Sources */,
				OBJ_68 /* NSData+Convertible.swift in Sources */,
				OBJ_69 /* NSDate+Covertible.swift in Sources */,
				OBJ_70 /* NSDictionary+Convertible.swift in Sources */,
				OBJ_71 /* NSNull+Convertible.swift in Sources */,
				OBJ_72 /* NSNumber+Convertible.swift in Sources */,
				OBJ_73 /* NSObject+Convertible.swift in Sources */,
				OBJ_74 /* NSSet+Convertible.swift in Sources */,
				OBJ_75 /* NSString+Convertible.swift in Sources */,
				OBJ_76 /* NSURL+Convertible.swift in Sources */,
				OBJ_77 /* Convertible.swift in Sources */,
				OBJ_78 /* Initializable.swift in Sources */,
				OBJ_79 /* Keys.swift in Sources */,
				OBJ_80 /* Serializable.swift in Sources */,
				OBJ_81 /* Updatable.swift in Sources */,
				OBJ_82 /* DataConvertible.swift in Sources */,
				OBJ_83 /* DataModelConvertible.swift in Sources */,
				OBJ_84 /* ConvertibleError.swift in Sources */,
				OBJ_85 /* JsonArrayConvertible.swift in Sources */,
				OBJ_86 /* JsonConvertible.swift in Sources */,
				OBJ_87 /* JsonUpdatable.swift in Sources */,
				OBJ_88 /* JsonValue.swift in Sources */,
				OBJ_89 /* JsonDictionaryKeyConvertible.swift in Sources */,
				OBJ_90 /* ConvertibleOption.swift in Sources */,
				OBJ_91 /* ConvertibleOptions.swift in Sources */,
				OBJ_92 /* RawValue.swift in Sources */,
				OBJ_93 /* Array+Convertible.swift in Sources */,
				OBJ_94 /* Bool+Convertible.swift in Sources */,
				OBJ_95 /* Dictionary+Convertible.swift in Sources */,
				OBJ_96 /* Double+Convertible.swift in Sources */,
				OBJ_97 /* Float+Convertible.swift in Sources */,
				OBJ_98 /* Int+Convertible.swift in Sources */,
				OBJ_99 /* Optional+Convertible.swift in Sources */,
				OBJ_100 /* Set+Convertible.swift in Sources */,
				OBJ_101 /* String+Convertible.swift in Sources */,
				OBJ_102 /* String+Utilities.swift in Sources */,
			);
			runOnlyForDeploymentPostprocessing = 0;
		};
/* End PBXSourcesBuildPhase section */

/* Begin PBXTargetDependency section */
		OBJ_114 /* PBXTargetDependency */ = {
			isa = PBXTargetDependency;
			target = "Convertible::ConvertibleTests" /* ConvertibleTests */;
			targetProxy = E668EAA42163625400CBFBEB /* PBXContainerItemProxy */;
		};
		OBJ_124 /* PBXTargetDependency */ = {
			isa = PBXTargetDependency;
			target = "Convertible::Convertible" /* Convertible */;
			targetProxy = E668EAA32163625200CBFBEB /* PBXContainerItemProxy */;
		};
/* End PBXTargetDependency section */

/* Begin XCBuildConfiguration section */
		OBJ_106 /* Debug */ = {
			isa = XCBuildConfiguration;
			buildSettings = {
				LD = /usr/bin/true;
				OTHER_SWIFT_FLAGS = "-swift-version 4.2 -I $(TOOLCHAIN_DIR)/usr/lib/swift/pm/4_2 -target x86_64-apple-macosx10.10 -sdk /Applications/Xcode.app/Contents/Developer/Platforms/MacOSX.platform/Developer/SDKs/MacOSX10.14.sdk";
				SWIFT_VERSION = 4.2;
			};
			name = Debug;
		};
		OBJ_107 /* Release */ = {
			isa = XCBuildConfiguration;
			buildSettings = {
				LD = /usr/bin/true;
				OTHER_SWIFT_FLAGS = "-swift-version 4.2 -I $(TOOLCHAIN_DIR)/usr/lib/swift/pm/4_2 -target x86_64-apple-macosx10.10 -sdk /Applications/Xcode.app/Contents/Developer/Platforms/MacOSX.platform/Developer/SDKs/MacOSX10.14.sdk";
				SWIFT_VERSION = 4.2;
			};
			name = Release;
		};
		OBJ_112 /* Debug */ = {
			isa = XCBuildConfiguration;
			buildSettings = {
			};
			name = Debug;
		};
		OBJ_113 /* Release */ = {
			isa = XCBuildConfiguration;
			buildSettings = {
			};
			name = Release;
		};
		OBJ_117 /* Debug */ = {
			isa = XCBuildConfiguration;
			buildSettings = {
				CLANG_ENABLE_MODULES = YES;
				EMBEDDED_CONTENT_CONTAINS_SWIFT = YES;
				FRAMEWORK_SEARCH_PATHS = (
					"$(inherited)",
					"$(PLATFORM_DIR)/Developer/Library/Frameworks",
				);
				HEADER_SEARCH_PATHS = "$(inherited)";
				INFOPLIST_FILE = Convertible.xcodeproj/ConvertibleTests_Info.plist;
				LD_RUNPATH_SEARCH_PATHS = "$(inherited) @loader_path/../Frameworks @loader_path/Frameworks";
				OTHER_CFLAGS = "$(inherited)";
				OTHER_LDFLAGS = "$(inherited)";
				OTHER_SWIFT_FLAGS = "$(inherited)";
				SWIFT_ACTIVE_COMPILATION_CONDITIONS = "$(inherited)";
				SWIFT_VERSION = 4.2;
				TARGET_NAME = ConvertibleTests;
			};
			name = Debug;
		};
		OBJ_118 /* Release */ = {
			isa = XCBuildConfiguration;
			buildSettings = {
				CLANG_ENABLE_MODULES = YES;
				EMBEDDED_CONTENT_CONTAINS_SWIFT = YES;
				FRAMEWORK_SEARCH_PATHS = (
					"$(inherited)",
					"$(PLATFORM_DIR)/Developer/Library/Frameworks",
				);
				HEADER_SEARCH_PATHS = "$(inherited)";
				INFOPLIST_FILE = Convertible.xcodeproj/ConvertibleTests_Info.plist;
				LD_RUNPATH_SEARCH_PATHS = "$(inherited) @loader_path/../Frameworks @loader_path/Frameworks";
				OTHER_CFLAGS = "$(inherited)";
				OTHER_LDFLAGS = "$(inherited)";
				OTHER_SWIFT_FLAGS = "$(inherited)";
				SWIFT_ACTIVE_COMPILATION_CONDITIONS = "$(inherited)";
				SWIFT_VERSION = 4.2;
				TARGET_NAME = ConvertibleTests;
			};
			name = Release;
		};
		OBJ_3 /* Debug */ = {
			isa = XCBuildConfiguration;
			buildSettings = {
				CLANG_ENABLE_OBJC_ARC = YES;
				COMBINE_HIDPI_IMAGES = YES;
				COPY_PHASE_STRIP = NO;
				DEBUG_INFORMATION_FORMAT = dwarf;
				DYLIB_INSTALL_NAME_BASE = "@rpath";
				ENABLE_NS_ASSERTIONS = YES;
				GCC_OPTIMIZATION_LEVEL = 0;
				GCC_PREPROCESSOR_DEFINITIONS = (
					"DEBUG=1",
					"$(inherited)",
				);
				MACOSX_DEPLOYMENT_TARGET = 10.10;
				ONLY_ACTIVE_ARCH = YES;
				OTHER_SWIFT_FLAGS = "-DXcode";
				PRODUCT_NAME = "$(TARGET_NAME)";
				SDKROOT = macosx;
				SUPPORTED_PLATFORMS = "macosx iphoneos iphonesimulator appletvos appletvsimulator watchos watchsimulator";
				SWIFT_ACTIVE_COMPILATION_CONDITIONS = "SWIFT_PACKAGE DEBUG";
				SWIFT_OPTIMIZATION_LEVEL = "-Onone";
				USE_HEADERMAP = NO;
			};
			name = Debug;
		};
		OBJ_4 /* Release */ = {
			isa = XCBuildConfiguration;
			buildSettings = {
				CLANG_ENABLE_OBJC_ARC = YES;
				COMBINE_HIDPI_IMAGES = YES;
				COPY_PHASE_STRIP = YES;
				DEBUG_INFORMATION_FORMAT = "dwarf-with-dsym";
				DYLIB_INSTALL_NAME_BASE = "@rpath";
				GCC_OPTIMIZATION_LEVEL = s;
				MACOSX_DEPLOYMENT_TARGET = 10.10;
				OTHER_SWIFT_FLAGS = "-DXcode";
				PRODUCT_NAME = "$(TARGET_NAME)";
				SDKROOT = macosx;
				SUPPORTED_PLATFORMS = "macosx iphoneos iphonesimulator appletvos appletvsimulator watchos watchsimulator";
				SWIFT_ACTIVE_COMPILATION_CONDITIONS = SWIFT_PACKAGE;
				SWIFT_OPTIMIZATION_LEVEL = "-Owholemodule";
				USE_HEADERMAP = NO;
			};
			name = Release;
		};
		OBJ_64 /* Debug */ = {
			isa = XCBuildConfiguration;
			buildSettings = {
				ENABLE_TESTABILITY = YES;
				FRAMEWORK_SEARCH_PATHS = (
					"$(inherited)",
					"$(PLATFORM_DIR)/Developer/Library/Frameworks",
				);
				HEADER_SEARCH_PATHS = "$(inherited)";
				INFOPLIST_FILE = Convertible.xcodeproj/Convertible_Info.plist;
				LD_RUNPATH_SEARCH_PATHS = "$(inherited) $(TOOLCHAIN_DIR)/usr/lib/swift/macosx";
				OTHER_CFLAGS = "$(inherited)";
				OTHER_LDFLAGS = "$(inherited)";
				OTHER_SWIFT_FLAGS = "$(inherited)";
				PRODUCT_BUNDLE_IDENTIFIER = Convertible;
				PRODUCT_MODULE_NAME = "$(TARGET_NAME:c99extidentifier)";
				PRODUCT_NAME = "$(TARGET_NAME:c99extidentifier)";
				SDKROOT = iphoneos;
				SKIP_INSTALL = YES;
				SWIFT_ACTIVE_COMPILATION_CONDITIONS = "$(inherited)";
				SWIFT_VERSION = 4.2;
				TARGET_NAME = Convertible;
			};
			name = Debug;
		};
		OBJ_65 /* Release */ = {
			isa = XCBuildConfiguration;
			buildSettings = {
				ENABLE_TESTABILITY = YES;
				FRAMEWORK_SEARCH_PATHS = (
					"$(inherited)",
					"$(PLATFORM_DIR)/Developer/Library/Frameworks",
				);
				HEADER_SEARCH_PATHS = "$(inherited)";
				INFOPLIST_FILE = Convertible.xcodeproj/Convertible_Info.plist;
				LD_RUNPATH_SEARCH_PATHS = "$(inherited) $(TOOLCHAIN_DIR)/usr/lib/swift/macosx";
				OTHER_CFLAGS = "$(inherited)";
				OTHER_LDFLAGS = "$(inherited)";
				OTHER_SWIFT_FLAGS = "$(inherited)";
				PRODUCT_BUNDLE_IDENTIFIER = Convertible;
				PRODUCT_MODULE_NAME = "$(TARGET_NAME:c99extidentifier)";
				PRODUCT_NAME = "$(TARGET_NAME:c99extidentifier)";
				SDKROOT = iphoneos;
				SKIP_INSTALL = YES;
				SWIFT_ACTIVE_COMPILATION_CONDITIONS = "$(inherited)";
				SWIFT_VERSION = 4.2;
				TARGET_NAME = Convertible;
			};
			name = Release;
		};
/* End XCBuildConfiguration section */

/* Begin XCConfigurationList section */
		OBJ_105 /* Build configuration list for PBXNativeTarget "ConvertiblePackageDescription" */ = {
			isa = XCConfigurationList;
			buildConfigurations = (
				OBJ_106 /* Debug */,
				OBJ_107 /* Release */,
			);
			defaultConfigurationIsVisible = 0;
			defaultConfigurationName = Release;
		};
		OBJ_111 /* Build configuration list for PBXAggregateTarget "ConvertiblePackageTests" */ = {
			isa = XCConfigurationList;
			buildConfigurations = (
				OBJ_112 /* Debug */,
				OBJ_113 /* Release */,
			);
			defaultConfigurationIsVisible = 0;
			defaultConfigurationName = Release;
		};
		OBJ_116 /* Build configuration list for PBXNativeTarget "ConvertibleTests" */ = {
			isa = XCConfigurationList;
			buildConfigurations = (
				OBJ_117 /* Debug */,
				OBJ_118 /* Release */,
			);
			defaultConfigurationIsVisible = 0;
			defaultConfigurationName = Release;
		};
		OBJ_2 /* Build configuration list for PBXProject "Convertible" */ = {
			isa = XCConfigurationList;
			buildConfigurations = (
				OBJ_3 /* Debug */,
				OBJ_4 /* Release */,
			);
			defaultConfigurationIsVisible = 0;
			defaultConfigurationName = Release;
		};
		OBJ_63 /* Build configuration list for PBXNativeTarget "Convertible" */ = {
			isa = XCConfigurationList;
			buildConfigurations = (
				OBJ_64 /* Debug */,
				OBJ_65 /* Release */,
			);
			defaultConfigurationIsVisible = 0;
			defaultConfigurationName = Release;
		};
/* End XCConfigurationList section */
	};
	rootObject = OBJ_1 /* Project object */;
}
